// !$*UTF8*$!
{
	archiveVersion = 1;
	classes = {
	};
	objectVersion = 46;
	objects = {

/* Begin PBXBuildFile section */
		D0110CDD1B37D00900D139EE /* basic.yaml in Resources */ = {isa = PBXBuildFile; fileRef = D0110CD51B37D00900D139EE /* basic.yaml */; };
		D0110CDE1B37D00900D139EE /* complex.yaml in Resources */ = {isa = PBXBuildFile; fileRef = D0110CD61B37D00900D139EE /* complex.yaml */; };
		D0110CDF1B37D00900D139EE /* date.yaml in Resources */ = {isa = PBXBuildFile; fileRef = D0110CD71B37D00900D139EE /* date.yaml */; };
		D0110CE01B37D00900D139EE /* empty.yaml in Resources */ = {isa = PBXBuildFile; fileRef = D0110CD81B37D00900D139EE /* empty.yaml */; };
		D0110CE11B37D00900D139EE /* sequence.yaml in Resources */ = {isa = PBXBuildFile; fileRef = D0110CD91B37D00900D139EE /* sequence.yaml */; };
		D0110CE21B37D00900D139EE /* sequenceWithBools.yaml in Resources */ = {isa = PBXBuildFile; fileRef = D0110CDA1B37D00900D139EE /* sequenceWithBools.yaml */; };
		D0110CE31B37D00900D139EE /* sequenceWithNull.yaml in Resources */ = {isa = PBXBuildFile; fileRef = D0110CDB1B37D00900D139EE /* sequenceWithNull.yaml */; };
		D0110CE41B37D00900D139EE /* sequenceWithNumbers.yaml in Resources */ = {isa = PBXBuildFile; fileRef = D0110CDC1B37D00900D139EE /* sequenceWithNumbers.yaml */; };
		D319EEB713E5EE2A000EB46D /* YAMLUnitTests.m in Sources */ = {isa = PBXBuildFile; fileRef = D319EEB613E5EE2A000EB46D /* YAMLUnitTests.m */; };
		EBF83D8B124D7A3E008517E5 /* YAMLSerialization.h in Headers */ = {isa = PBXBuildFile; fileRef = EBF83D89124D7A3E008517E5 /* YAMLSerialization.h */; settings = {ATTRIBUTES = (Public, ); }; };
		EBF83D8C124D7A3E008517E5 /* YAMLSerialization.m in Sources */ = {isa = PBXBuildFile; fileRef = EBF83D8A124D7A3E008517E5 /* YAMLSerialization.m */; };
		FD68B6461A51FD24002552E1 /* api.c in Sources */ = {isa = PBXBuildFile; fileRef = FD68B63D1A51FD24002552E1 /* api.c */; };
		FD68B6471A51FD24002552E1 /* dumper.c in Sources */ = {isa = PBXBuildFile; fileRef = FD68B63E1A51FD24002552E1 /* dumper.c */; };
		FD68B6481A51FD24002552E1 /* emitter.c in Sources */ = {isa = PBXBuildFile; fileRef = FD68B63F1A51FD24002552E1 /* emitter.c */; };
		FD68B6491A51FD24002552E1 /* loader.c in Sources */ = {isa = PBXBuildFile; fileRef = FD68B6401A51FD24002552E1 /* loader.c */; };
		FD68B64A1A51FD24002552E1 /* parser.c in Sources */ = {isa = PBXBuildFile; fileRef = FD68B6411A51FD24002552E1 /* parser.c */; };
		FD68B64B1A51FD24002552E1 /* reader.c in Sources */ = {isa = PBXBuildFile; fileRef = FD68B6421A51FD24002552E1 /* reader.c */; };
		FD68B64C1A51FD24002552E1 /* scanner.c in Sources */ = {isa = PBXBuildFile; fileRef = FD68B6431A51FD24002552E1 /* scanner.c */; };
		FD68B64D1A51FD24002552E1 /* writer.c in Sources */ = {isa = PBXBuildFile; fileRef = FD68B6441A51FD24002552E1 /* writer.c */; };
		FD68B64E1A51FD24002552E1 /* yaml_private.h in Headers */ = {isa = PBXBuildFile; fileRef = FD68B6451A51FD24002552E1 /* yaml_private.h */; };
		FD83C09B1A51FE3E000C097B /* config.h in Headers */ = {isa = PBXBuildFile; fileRef = FD83C0991A51FE3E000C097B /* config.h */; };
		FD83C09C1A51FE3E000C097B /* yaml.h in Headers */ = {isa = PBXBuildFile; fileRef = FD83C09A1A51FE3E000C097B /* yaml.h */; };
/* End PBXBuildFile section */

/* Begin PBXFileReference section */
		8DC2EF5B0486A6940098B216 /* YAML.framework */ = {isa = PBXFileReference; explicitFileType = wrapper.framework; includeInIndex = 0; path = YAML.framework; sourceTree = BUILT_PRODUCTS_DIR; };
		D0110CD51B37D00900D139EE /* basic.yaml */ = {isa = PBXFileReference; fileEncoding = 4; lastKnownFileType = text; name = basic.yaml; path = inputs/basic.yaml; sourceTree = "<group>"; };
		D0110CD61B37D00900D139EE /* complex.yaml */ = {isa = PBXFileReference; fileEncoding = 4; lastKnownFileType = text; name = complex.yaml; path = inputs/complex.yaml; sourceTree = "<group>"; };
		D0110CD71B37D00900D139EE /* date.yaml */ = {isa = PBXFileReference; fileEncoding = 4; lastKnownFileType = text; name = date.yaml; path = inputs/date.yaml; sourceTree = "<group>"; };
		D0110CD81B37D00900D139EE /* empty.yaml */ = {isa = PBXFileReference; fileEncoding = 4; lastKnownFileType = text; name = empty.yaml; path = inputs/empty.yaml; sourceTree = "<group>"; };
		D0110CD91B37D00900D139EE /* sequence.yaml */ = {isa = PBXFileReference; fileEncoding = 4; lastKnownFileType = text; name = sequence.yaml; path = inputs/sequence.yaml; sourceTree = "<group>"; };
		D0110CDA1B37D00900D139EE /* sequenceWithBools.yaml */ = {isa = PBXFileReference; fileEncoding = 4; lastKnownFileType = text; name = sequenceWithBools.yaml; path = inputs/sequenceWithBools.yaml; sourceTree = "<group>"; };
		D0110CDB1B37D00900D139EE /* sequenceWithNull.yaml */ = {isa = PBXFileReference; fileEncoding = 4; lastKnownFileType = text; name = sequenceWithNull.yaml; path = inputs/sequenceWithNull.yaml; sourceTree = "<group>"; };
		D0110CDC1B37D00900D139EE /* sequenceWithNumbers.yaml */ = {isa = PBXFileReference; fileEncoding = 4; lastKnownFileType = text; name = sequenceWithNumbers.yaml; path = inputs/sequenceWithNumbers.yaml; sourceTree = "<group>"; };
		D0110CEA1B37D07600D139EE /* Mac-Application.xcconfig */ = {isa = PBXFileReference; lastKnownFileType = text.xcconfig; path = "Mac-Application.xcconfig"; sourceTree = "<group>"; };
		D0110CEB1B37D07600D139EE /* Mac-Base.xcconfig */ = {isa = PBXFileReference; lastKnownFileType = text.xcconfig; path = "Mac-Base.xcconfig"; sourceTree = "<group>"; };
		D0110CEC1B37D07600D139EE /* Mac-DynamicLibrary.xcconfig */ = {isa = PBXFileReference; lastKnownFileType = text.xcconfig; path = "Mac-DynamicLibrary.xcconfig"; sourceTree = "<group>"; };
		D0110CED1B37D07600D139EE /* Mac-Framework.xcconfig */ = {isa = PBXFileReference; lastKnownFileType = text.xcconfig; path = "Mac-Framework.xcconfig"; sourceTree = "<group>"; };
		D0110CEE1B37D07600D139EE /* Mac-StaticLibrary.xcconfig */ = {isa = PBXFileReference; lastKnownFileType = text.xcconfig; path = "Mac-StaticLibrary.xcconfig"; sourceTree = "<group>"; };
		D0110CEF1B37D08000D139EE /* iOS-Application.xcconfig */ = {isa = PBXFileReference; lastKnownFileType = text.xcconfig; path = "iOS-Application.xcconfig"; sourceTree = "<group>"; };
		D0110CF01B37D08000D139EE /* iOS-Base.xcconfig */ = {isa = PBXFileReference; lastKnownFileType = text.xcconfig; path = "iOS-Base.xcconfig"; sourceTree = "<group>"; };
		D0110CF11B37D08000D139EE /* iOS-Framework.xcconfig */ = {isa = PBXFileReference; lastKnownFileType = text.xcconfig; path = "iOS-Framework.xcconfig"; sourceTree = "<group>"; };
		D0110CF21B37D08000D139EE /* iOS-StaticLibrary.xcconfig */ = {isa = PBXFileReference; lastKnownFileType = text.xcconfig; path = "iOS-StaticLibrary.xcconfig"; sourceTree = "<group>"; };
		D0110CF51B37D0B300D139EE /* Common.xcconfig */ = {isa = PBXFileReference; lastKnownFileType = text.xcconfig; path = Common.xcconfig; sourceTree = "<group>"; };
		D0110CF61B37D0C400D139EE /* Debug.xcconfig */ = {isa = PBXFileReference; lastKnownFileType = text.xcconfig; path = Debug.xcconfig; sourceTree = "<group>"; };
		D0110CF71B37D0C400D139EE /* Profile.xcconfig */ = {isa = PBXFileReference; lastKnownFileType = text.xcconfig; path = Profile.xcconfig; sourceTree = "<group>"; };
		D0110CF81B37D0C400D139EE /* Release.xcconfig */ = {isa = PBXFileReference; lastKnownFileType = text.xcconfig; path = Release.xcconfig; sourceTree = "<group>"; };
		D0110CF91B37D0C400D139EE /* Test.xcconfig */ = {isa = PBXFileReference; lastKnownFileType = text.xcconfig; path = Test.xcconfig; sourceTree = "<group>"; };
		D0110CFA1B37D0D400D139EE /* Application.xcconfig */ = {isa = PBXFileReference; lastKnownFileType = text.xcconfig; path = Application.xcconfig; sourceTree = "<group>"; };
		D0110CFB1B37D0D400D139EE /* Framework.xcconfig */ = {isa = PBXFileReference; lastKnownFileType = text.xcconfig; path = Framework.xcconfig; sourceTree = "<group>"; };
		D0110CFC1B37D0D400D139EE /* StaticLibrary.xcconfig */ = {isa = PBXFileReference; lastKnownFileType = text.xcconfig; path = StaticLibrary.xcconfig; sourceTree = "<group>"; };
		D0110CFD1B37D24700D139EE /* Readme.md */ = {isa = PBXFileReference; lastKnownFileType = net.daringfireball.markdown; path = Readme.md; sourceTree = "<group>"; };
		D0110CFF1B37D2B300D139EE /* YAML-Info.plist */ = {isa = PBXFileReference; lastKnownFileType = text.plist.xml; path = "YAML-Info.plist"; sourceTree = "<group>"; };
		D0110D001B37D4D000D139EE /* YAML-Tests-Info.plist */ = {isa = PBXFileReference; lastKnownFileType = text.plist.xml; path = "YAML-Tests-Info.plist"; sourceTree = "<group>"; };
		D09017621B390678006A07A7 /* YAML.modulemap */ = {isa = PBXFileReference; fileEncoding = 4; lastKnownFileType = "sourcecode.module-map"; path = YAML.modulemap; sourceTree = "<group>"; };
		D319EEA613E5EE2A000EB46D /* YAMLUnitTests.xctest */ = {isa = PBXFileReference; explicitFileType = wrapper.cfbundle; includeInIndex = 0; path = YAMLUnitTests.xctest; sourceTree = BUILT_PRODUCTS_DIR; };
		D319EEB613E5EE2A000EB46D /* YAMLUnitTests.m */ = {isa = PBXFileReference; lastKnownFileType = sourcecode.c.objc; path = YAMLUnitTests.m; sourceTree = "<group>"; };
		EBF83D89124D7A3E008517E5 /* YAMLSerialization.h */ = {isa = PBXFileReference; fileEncoding = 4; lastKnownFileType = sourcecode.c.h; path = YAMLSerialization.h; sourceTree = "<group>"; };
		EBF83D8A124D7A3E008517E5 /* YAMLSerialization.m */ = {isa = PBXFileReference; fileEncoding = 4; lastKnownFileType = sourcecode.c.objc; path = YAMLSerialization.m; sourceTree = "<group>"; };
		FD68B63D1A51FD24002552E1 /* api.c */ = {isa = PBXFileReference; fileEncoding = 4; lastKnownFileType = sourcecode.c.c; name = api.c; path = "yaml-0.1.5/src/api.c"; sourceTree = "<group>"; };
		FD68B63E1A51FD24002552E1 /* dumper.c */ = {isa = PBXFileReference; fileEncoding = 4; lastKnownFileType = sourcecode.c.c; name = dumper.c; path = "yaml-0.1.5/src/dumper.c"; sourceTree = "<group>"; };
		FD68B63F1A51FD24002552E1 /* emitter.c */ = {isa = PBXFileReference; fileEncoding = 4; lastKnownFileType = sourcecode.c.c; name = emitter.c; path = "yaml-0.1.5/src/emitter.c"; sourceTree = "<group>"; };
		FD68B6401A51FD24002552E1 /* loader.c */ = {isa = PBXFileReference; fileEncoding = 4; lastKnownFileType = sourcecode.c.c; name = loader.c; path = "yaml-0.1.5/src/loader.c"; sourceTree = "<group>"; };
		FD68B6411A51FD24002552E1 /* parser.c */ = {isa = PBXFileReference; fileEncoding = 4; lastKnownFileType = sourcecode.c.c; name = parser.c; path = "yaml-0.1.5/src/parser.c"; sourceTree = "<group>"; };
		FD68B6421A51FD24002552E1 /* reader.c */ = {isa = PBXFileReference; fileEncoding = 4; lastKnownFileType = sourcecode.c.c; name = reader.c; path = "yaml-0.1.5/src/reader.c"; sourceTree = "<group>"; };
		FD68B6431A51FD24002552E1 /* scanner.c */ = {isa = PBXFileReference; fileEncoding = 4; lastKnownFileType = sourcecode.c.c; name = scanner.c; path = "yaml-0.1.5/src/scanner.c"; sourceTree = "<group>"; };
		FD68B6441A51FD24002552E1 /* writer.c */ = {isa = PBXFileReference; fileEncoding = 4; lastKnownFileType = sourcecode.c.c; name = writer.c; path = "yaml-0.1.5/src/writer.c"; sourceTree = "<group>"; };
		FD68B6451A51FD24002552E1 /* yaml_private.h */ = {isa = PBXFileReference; fileEncoding = 4; lastKnownFileType = sourcecode.c.h; name = yaml_private.h; path = "yaml-0.1.5/src/yaml_private.h"; sourceTree = "<group>"; };
		FD83C0991A51FE3E000C097B /* config.h */ = {isa = PBXFileReference; fileEncoding = 4; lastKnownFileType = sourcecode.c.h; name = config.h; path = "yaml-0.1.5/config.h"; sourceTree = "<group>"; };
		FD83C09A1A51FE3E000C097B /* yaml.h */ = {isa = PBXFileReference; fileEncoding = 4; lastKnownFileType = sourcecode.c.h; name = yaml.h; path = "yaml-0.1.5/include/yaml.h"; sourceTree = "<group>"; };
/* End PBXFileReference section */

/* Begin PBXFrameworksBuildPhase section */
		8DC2EF560486A6940098B216 /* Frameworks */ = {
			isa = PBXFrameworksBuildPhase;
			buildActionMask = 2147483647;
			files = (
			);
			runOnlyForDeploymentPostprocessing = 0;
		};
		D319EEA213E5EE2A000EB46D /* Frameworks */ = {
			isa = PBXFrameworksBuildPhase;
			buildActionMask = 2147483647;
			files = (
			);
			runOnlyForDeploymentPostprocessing = 0;
		};
/* End PBXFrameworksBuildPhase section */

/* Begin PBXGroup section */
		034768DFFF38A50411DB9C8B /* Products */ = {
			isa = PBXGroup;
			children = (
				8DC2EF5B0486A6940098B216 /* YAML.framework */,
				D319EEA613E5EE2A000EB46D /* YAMLUnitTests.xctest */,
			);
			name = Products;
			sourceTree = "<group>";
		};
		0867D691FE84028FC02AAC07 /* YAML */ = {
			isa = PBXGroup;
			children = (
				D0110CFD1B37D24700D139EE /* Readme.md */,
				FD68B63C1A51FCCA002552E1 /* yaml-0.1.5 */,
				08FB77AEFE84172EC02AAC07 /* Source */,
				089C1665FE841158C02AAC07 /* Resources */,
				D319EEAF13E5EE2A000EB46D /* Tests */,
				D0110CD01B37CF0C00D139EE /* Configuration */,
				034768DFFF38A50411DB9C8B /* Products */,
			);
			name = YAML;
			sourceTree = "<group>";
		};
		089C1665FE841158C02AAC07 /* Resources */ = {
			isa = PBXGroup;
			children = (
				D0110CFE1B37D28600D139EE /* Supporting Files */,
			);
			path = Resources;
			sourceTree = "<group>";
		};
		08FB77AEFE84172EC02AAC07 /* Source */ = {
			isa = PBXGroup;
			children = (
				EBF83D89124D7A3E008517E5 /* YAMLSerialization.h */,
				EBF83D8A124D7A3E008517E5 /* YAMLSerialization.m */,
			);
			path = Source;
			sourceTree = "<group>";
		};
		D0110CD01B37CF0C00D139EE /* Configuration */ = {
			isa = PBXGroup;
			children = (
				D0110CE91B37D05200D139EE /* Base */,
				D0110CE81B37D04D00D139EE /* iOS */,
				D0110CE71B37D04700D139EE /* OS X */,
			);
			path = Configuration;
			sourceTree = "<group>";
		};
		D0110CE71B37D04700D139EE /* OS X */ = {
			isa = PBXGroup;
			children = (
				D0110CEA1B37D07600D139EE /* Mac-Application.xcconfig */,
				D0110CEB1B37D07600D139EE /* Mac-Base.xcconfig */,
				D0110CEC1B37D07600D139EE /* Mac-DynamicLibrary.xcconfig */,
				D0110CED1B37D07600D139EE /* Mac-Framework.xcconfig */,
				D0110CEE1B37D07600D139EE /* Mac-StaticLibrary.xcconfig */,
			);
			name = "OS X";
			path = "Mac OS X";
			sourceTree = "<group>";
		};
		D0110CE81B37D04D00D139EE /* iOS */ = {
			isa = PBXGroup;
			children = (
				D0110CEF1B37D08000D139EE /* iOS-Application.xcconfig */,
				D0110CF01B37D08000D139EE /* iOS-Base.xcconfig */,
				D0110CF11B37D08000D139EE /* iOS-Framework.xcconfig */,
				D0110CF21B37D08000D139EE /* iOS-StaticLibrary.xcconfig */,
			);
			path = iOS;
			sourceTree = "<group>";
		};
		D0110CE91B37D05200D139EE /* Base */ = {
			isa = PBXGroup;
			children = (
				D0110CF51B37D0B300D139EE /* Common.xcconfig */,
				D0110CF31B37D08600D139EE /* Configuration */,
				D0110CF41B37D08E00D139EE /* Targets */,
			);
			path = Base;
			sourceTree = "<group>";
		};
		D0110CF31B37D08600D139EE /* Configuration */ = {
			isa = PBXGroup;
			children = (
				D0110CF61B37D0C400D139EE /* Debug.xcconfig */,
				D0110CF71B37D0C400D139EE /* Profile.xcconfig */,
				D0110CF81B37D0C400D139EE /* Release.xcconfig */,
				D0110CF91B37D0C400D139EE /* Test.xcconfig */,
			);
			name = Configuration;
			path = Configurations;
			sourceTree = "<group>";
		};
		D0110CF41B37D08E00D139EE /* Targets */ = {
			isa = PBXGroup;
			children = (
				D0110CFA1B37D0D400D139EE /* Application.xcconfig */,
				D0110CFB1B37D0D400D139EE /* Framework.xcconfig */,
				D0110CFC1B37D0D400D139EE /* StaticLibrary.xcconfig */,
			);
			path = Targets;
			sourceTree = "<group>";
		};
		D0110CFE1B37D28600D139EE /* Supporting Files */ = {
			isa = PBXGroup;
			children = (
				D0110D001B37D4D000D139EE /* YAML-Tests-Info.plist */,
				D0110CFF1B37D2B300D139EE /* YAML-Info.plist */,
				D09017621B390678006A07A7 /* YAML.modulemap */,
			);
			name = "Supporting Files";
			sourceTree = "<group>";
		};
		D319EEAF13E5EE2A000EB46D /* Tests */ = {
			isa = PBXGroup;
			children = (
				FD83C0A11A520E1B000C097B /* inputs */,
				D319EEB613E5EE2A000EB46D /* YAMLUnitTests.m */,
			);
			path = Tests;
			sourceTree = "<group>";
		};
		FD68B63C1A51FCCA002552E1 /* yaml-0.1.5 */ = {
			isa = PBXGroup;
			children = (
				FD83C0991A51FE3E000C097B /* config.h */,
				FD83C09A1A51FE3E000C097B /* yaml.h */,
				FD68B63D1A51FD24002552E1 /* api.c */,
				FD68B63E1A51FD24002552E1 /* dumper.c */,
				FD68B63F1A51FD24002552E1 /* emitter.c */,
				FD68B6401A51FD24002552E1 /* loader.c */,
				FD68B6411A51FD24002552E1 /* parser.c */,
				FD68B6421A51FD24002552E1 /* reader.c */,
				FD68B6431A51FD24002552E1 /* scanner.c */,
				FD68B6441A51FD24002552E1 /* writer.c */,
				FD68B6451A51FD24002552E1 /* yaml_private.h */,
			);
			name = "yaml-0.1.5";
			sourceTree = "<group>";
		};
		FD83C0A11A520E1B000C097B /* inputs */ = {
			isa = PBXGroup;
			children = (
				D0110CD51B37D00900D139EE /* basic.yaml */,
				D0110CD61B37D00900D139EE /* complex.yaml */,
				D0110CD71B37D00900D139EE /* date.yaml */,
				D0110CD81B37D00900D139EE /* empty.yaml */,
				D0110CD91B37D00900D139EE /* sequence.yaml */,
				D0110CDA1B37D00900D139EE /* sequenceWithBools.yaml */,
				D0110CDB1B37D00900D139EE /* sequenceWithNull.yaml */,
				D0110CDC1B37D00900D139EE /* sequenceWithNumbers.yaml */,
			);
			name = inputs;
			sourceTree = "<group>";
		};
/* End PBXGroup section */

/* Begin PBXHeadersBuildPhase section */
		8DC2EF500486A6940098B216 /* Headers */ = {
			isa = PBXHeadersBuildPhase;
			buildActionMask = 2147483647;
			files = (
				EBF83D8B124D7A3E008517E5 /* YAMLSerialization.h in Headers */,
				FD68B64E1A51FD24002552E1 /* yaml_private.h in Headers */,
				FD83C09B1A51FE3E000C097B /* config.h in Headers */,
				FD83C09C1A51FE3E000C097B /* yaml.h in Headers */,
			);
			runOnlyForDeploymentPostprocessing = 0;
		};
/* End PBXHeadersBuildPhase section */

/* Begin PBXNativeTarget section */
		8DC2EF4F0486A6940098B216 /* YAML */ = {
			isa = PBXNativeTarget;
			buildConfigurationList = 1DEB91AD08733DA50010E9CD /* Build configuration list for PBXNativeTarget "YAML" */;
			buildPhases = (
				8DC2EF500486A6940098B216 /* Headers */,
				8DC2EF520486A6940098B216 /* Resources */,
				8DC2EF540486A6940098B216 /* Sources */,
				8DC2EF560486A6940098B216 /* Frameworks */,
			);
			buildRules = (
			);
			dependencies = (
			);
			name = YAML;
			productInstallPath = "$(HOME)/Library/Frameworks";
			productName = YAML;
			productReference = 8DC2EF5B0486A6940098B216 /* YAML.framework */;
			productType = "com.apple.product-type.framework";
		};
		D319EEA513E5EE2A000EB46D /* YAMLUnitTests */ = {
			isa = PBXNativeTarget;
			buildConfigurationList = D319EEBB13E5EE2A000EB46D /* Build configuration list for PBXNativeTarget "YAMLUnitTests" */;
			buildPhases = (
				D319EEA113E5EE2A000EB46D /* Sources */,
				D319EEA213E5EE2A000EB46D /* Frameworks */,
				D319EEA313E5EE2A000EB46D /* Resources */,
			);
			buildRules = (
			);
			dependencies = (
			);
			name = YAMLUnitTests;
			productName = YAMLUnitTests;
			productReference = D319EEA613E5EE2A000EB46D /* YAMLUnitTests.xctest */;
			productType = "com.apple.product-type.bundle.unit-test";
		};
/* End PBXNativeTarget section */

/* Begin PBXProject section */
		0867D690FE84028FC02AAC07 /* Project object */ = {
			isa = PBXProject;
			attributes = {
				LastTestingUpgradeCheck = 0610;
				LastUpgradeCheck = 0700;
			};
			buildConfigurationList = 1DEB91B108733DA50010E9CD /* Build configuration list for PBXProject "YAML" */;
			compatibilityVersion = "Xcode 3.2";
			developmentRegion = English;
			hasScannedForEncodings = 1;
			knownRegions = (
				English,
				Japanese,
				French,
				German,
			);
			mainGroup = 0867D691FE84028FC02AAC07 /* YAML */;
			productRefGroup = 034768DFFF38A50411DB9C8B /* Products */;
			projectDirPath = "";
			projectRoot = "";
			targets = (
				8DC2EF4F0486A6940098B216 /* YAML */,
				D319EEA513E5EE2A000EB46D /* YAMLUnitTests */,
			);
		};
/* End PBXProject section */

/* Begin PBXResourcesBuildPhase section */
		8DC2EF520486A6940098B216 /* Resources */ = {
			isa = PBXResourcesBuildPhase;
			buildActionMask = 2147483647;
			files = (
			);
			runOnlyForDeploymentPostprocessing = 0;
		};
		D319EEA313E5EE2A000EB46D /* Resources */ = {
			isa = PBXResourcesBuildPhase;
			buildActionMask = 2147483647;
			files = (
				D0110CE11B37D00900D139EE /* sequence.yaml in Resources */,
				D0110CDD1B37D00900D139EE /* basic.yaml in Resources */,
				D0110CE41B37D00900D139EE /* sequenceWithNumbers.yaml in Resources */,
				D0110CE31B37D00900D139EE /* sequenceWithNull.yaml in Resources */,
				D0110CDF1B37D00900D139EE /* date.yaml in Resources */,
				D0110CE01B37D00900D139EE /* empty.yaml in Resources */,
				D0110CDE1B37D00900D139EE /* complex.yaml in Resources */,
				D0110CE21B37D00900D139EE /* sequenceWithBools.yaml in Resources */,
			);
			runOnlyForDeploymentPostprocessing = 0;
		};
/* End PBXResourcesBuildPhase section */

/* Begin PBXSourcesBuildPhase section */
		8DC2EF540486A6940098B216 /* Sources */ = {
			isa = PBXSourcesBuildPhase;
			buildActionMask = 2147483647;
			files = (
				FD68B64A1A51FD24002552E1 /* parser.c in Sources */,
				EBF83D8C124D7A3E008517E5 /* YAMLSerialization.m in Sources */,
				FD68B6461A51FD24002552E1 /* api.c in Sources */,
				FD68B64C1A51FD24002552E1 /* scanner.c in Sources */,
				FD68B6471A51FD24002552E1 /* dumper.c in Sources */,
				FD68B6481A51FD24002552E1 /* emitter.c in Sources */,
				FD68B6491A51FD24002552E1 /* loader.c in Sources */,
				FD68B64D1A51FD24002552E1 /* writer.c in Sources */,
				FD68B64B1A51FD24002552E1 /* reader.c in Sources */,
			);
			runOnlyForDeploymentPostprocessing = 0;
		};
		D319EEA113E5EE2A000EB46D /* Sources */ = {
			isa = PBXSourcesBuildPhase;
			buildActionMask = 2147483647;
			files = (
				D319EEB713E5EE2A000EB46D /* YAMLUnitTests.m in Sources */,
			);
			runOnlyForDeploymentPostprocessing = 0;
		};
/* End PBXSourcesBuildPhase section */

/* Begin XCBuildConfiguration section */
		1DEB91AE08733DA50010E9CD /* Debug */ = {
			isa = XCBuildConfiguration;
			baseConfigurationReference = D0110CED1B37D07600D139EE /* Mac-Framework.xcconfig */;
			buildSettings = {
				DYLIB_COMPATIBILITY_VERSION = 1;
				DYLIB_CURRENT_VERSION = 1;
				FRAMEWORK_VERSION = A;
				INFOPLIST_FILE = "Resources/YAML-Info.plist";
				MODULEMAP_FILE = Resources/YAML.modulemap;
				OTHER_CFLAGS = "-DHAVE_CONFIG_H";
				PRODUCT_NAME = YAML;
				WRAPPER_EXTENSION = framework;
			};
			name = Debug;
		};
		1DEB91AF08733DA50010E9CD /* Release */ = {
			isa = XCBuildConfiguration;
			baseConfigurationReference = D0110CED1B37D07600D139EE /* Mac-Framework.xcconfig */;
			buildSettings = {
				DYLIB_COMPATIBILITY_VERSION = 1;
				DYLIB_CURRENT_VERSION = 1;
				FRAMEWORK_VERSION = A;
				INFOPLIST_FILE = "Resources/YAML-Info.plist";
				MODULEMAP_FILE = Resources/YAML.modulemap;
				OTHER_CFLAGS = "-DHAVE_CONFIG_H";
				PRODUCT_NAME = YAML;
				WRAPPER_EXTENSION = framework;
			};
			name = Release;
		};
		1DEB91B208733DA50010E9CD /* Debug */ = {
			isa = XCBuildConfiguration;
			baseConfigurationReference = D0110CF61B37D0C400D139EE /* Debug.xcconfig */;
			buildSettings = {
				CLANG_WARN_IMPLICIT_SIGN_CONVERSION = NO;
				CLANG_WARN_SUSPICIOUS_IMPLICIT_CONVERSION = NO;
				GCC_WARN_64_TO_32_BIT_CONVERSION = NO;
				GCC_WARN_UNUSED_PARAMETER = NO;
				HEADER_SEARCH_PATHS = "${PROJECT_DIR}/yaml-0.1.5/include";
				MACOSX_DEPLOYMENT_TARGET = 10.7;
				PRODUCT_BUNDLE_IDENTIFIER = "com.github.mirek.${PRODUCT_NAME:rfc1034identifier}";
			};
			name = Debug;
		};
		1DEB91B308733DA50010E9CD /* Release */ = {
			isa = XCBuildConfiguration;
			baseConfigurationReference = D0110CF81B37D0C400D139EE /* Release.xcconfig */;
			buildSettings = {
				CLANG_WARN_IMPLICIT_SIGN_CONVERSION = NO;
				CLANG_WARN_SUSPICIOUS_IMPLICIT_CONVERSION = NO;
				GCC_WARN_64_TO_32_BIT_CONVERSION = NO;
				GCC_WARN_UNUSED_PARAMETER = NO;
				HEADER_SEARCH_PATHS = "${PROJECT_DIR}/yaml-0.1.5/include";
				MACOSX_DEPLOYMENT_TARGET = 10.7;
				PRODUCT_BUNDLE_IDENTIFIER = "com.github.mirek.${PRODUCT_NAME:rfc1034identifier}";
			};
			name = Release;
		};
		D319EEB913E5EE2A000EB46D /* Debug */ = {
			isa = XCBuildConfiguration;
			baseConfigurationReference = D0110CEA1B37D07600D139EE /* Mac-Application.xcconfig */;
			buildSettings = {
				INFOPLIST_FILE = "Resources/YAML-Tests-Info.plist";
				PRODUCT_NAME = "$(TARGET_NAME)";
				WRAPPER_EXTENSION = xctest;
			};
			name = Debug;
		};
		D319EEBA13E5EE2A000EB46D /* Release */ = {
			isa = XCBuildConfiguration;
			baseConfigurationReference = D0110CEA1B37D07600D139EE /* Mac-Application.xcconfig */;
			buildSettings = {
				INFOPLIST_FILE = "Resources/YAML-Tests-Info.plist";
				PRODUCT_NAME = "$(TARGET_NAME)";
				WRAPPER_EXTENSION = xctest;
			};
			name = Release;
		};
/* End XCBuildConfiguration section */

/* Begin XCConfigurationList section */
		1DEB91AD08733DA50010E9CD /* Build configuration list for PBXNativeTarget "YAML" */ = {
			isa = XCConfigurationList;
			buildConfigurations = (
				1DEB91AE08733DA50010E9CD /* Debug */,
				1DEB91AF08733DA50010E9CD /* Release */,
			);
			defaultConfigurationIsVisible = 0;
			defaultConfigurationName = Release;
		};
		1DEB91B108733DA50010E9CD /* Build configuration list for PBXProject "YAML" */ = {
			isa = XCConfigurationList;
			buildConfigurations = (
				1DEB91B208733DA50010E9CD /* Debug */,
				1DEB91B308733DA50010E9CD /* Release */,
			);
			defaultConfigurationIsVisible = 0;
			defaultConfigurationName = Release;
		};
		D319EEBB13E5EE2A000EB46D /* Build configuration list for PBXNativeTarget "YAMLUnitTests" */ = {
			isa = XCConfigurationList;
			buildConfigurations = (
				D319EEB913E5EE2A000EB46D /* Debug */,
				D319EEBA13E5EE2A000EB46D /* Release */,
			);
			defaultConfigurationIsVisible = 0;
			defaultConfigurationName = Release;
		};
/* End XCConfigurationList section */
	};
	rootObject = 0867D690FE84028FC02AAC07 /* Project object */;
}
